
Microsoft Visual Studio Solution File, Format Version 12.00
Project("{F2A71F9B-5D33-465A-A702-920D77279786}") = "WereMF", "WereMF\WereMF.fsproj", "{AD649618-5D48-4511-BCA6-2F2DED504DC1}"
EndProject
Project("{F2A71F9B-5D33-465A-A702-920D77279786}") = "WereMFServer", "WereMFServer\WereMFServer.fsproj", "{446FB363-A55B-48C2-B24A-6F8600EC0A56}"
EndProject
Global
	GlobalSection(SolutionConfigurationPlatforms) = preSolution
		Debug|Any CPU = Debug|Any CPU
		Release|Any CPU = Release|Any CPU
	EndGlobalSection
	GlobalSection(ProjectConfigurationPlatforms) = postSolution
		{AD649618-5D48-4511-BCA6-2F2DED504DC1}.Debug|Any CPU.ActiveCfg = Debug|Any CPU
		{AD649618-5D48-4511-BCA6-2F2DED504DC1}.Debug|Any CPU.Build.0 = Debug|Any CPU
		{AD649618-5D48-4511-BCA6-2F2DED504DC1}.Release|Any CPU.ActiveCfg = Release|Any CPU
		{AD649618-5D48-4511-BCA6-2F2DED504DC1}.Release|Any CPU.Build.0 = Release|Any CPU
		{446FB363-A55B-48C2-B24A-6F8600EC0A56}.Debug|Any CPU.ActiveCfg = Debug|Any CPU
		{446FB363-A55B-48C2-B24A-6F8600EC0A56}.Debug|Any CPU.Build.0 = Debug|Any CPU
		{446FB363-A55B-48C2-B24A-6F8600EC0A56}.Release|Any CPU.ActiveCfg = Release|Any CPU
		{446FB363-A55B-48C2-B24A-6F8600EC0A56}.Release|Any CPU.Build.0 = Release|Any CPU
	EndGlobalSection
EndGlobal
